
Microsoft Visual Studio Solution File, Format Version 12.00
# Visual Studio Version 16
VisualStudioVersion = 16.0.32228.343
MinimumVisualStudioVersion = 10.0.40219.1
Project("{FAE04EC0-301F-11D3-BF4B-00C04F79EFBC}") = "Coffeed", "Coffeed.csproj", "{67139BB1-C620-40BB-BFBB-23779292EBD9}"
EndProject
Global
	GlobalSection(SolutionConfigurationPlatforms) = preSolution
		Debug|Any CPU = Debug|Any CPU
		Release|Any CPU = Release|Any CPU
	EndGlobalSection
	GlobalSection(ProjectConfigurationPlatforms) = postSolution
		{67139BB1-C620-40BB-BFBB-23779292EBD9}.Debug|Any CPU.ActiveCfg = Debug|Any CPU
		{67139BB1-C620-40BB-BFBB-23779292EBD9}.Debug|Any CPU.Build.0 = Debug|Any CPU
		{67139BB1-C620-40BB-BFBB-23779292EBD9}.Release|Any CPU.ActiveCfg = Release|Any CPU
		{67139BB1-C620-40BB-BFBB-23779292EBD9}.Release|Any CPU.Build.0 = Release|Any CPU
	EndGlobalSection
	GlobalSection(SolutionProperties) = preSolution
		HideSolutionNode = FALSE
	EndGlobalSection
	GlobalSection(ExtensibilityGlobals) = postSolution
		SolutionGuid = {A655532E-7653-4627-A52E-56A8A714EA19}
	EndGlobalSection
EndGlobal
